
Microsoft Visual Studio Solution File, Format Version 12.00
# Visual Studio Version 16
VisualStudioVersion = 16.0.29318.209
MinimumVisualStudioVersion = 10.0.40219.1
Project("{FAE04EC0-301F-11D3-BF4B-00C04F79EFBC}") = "2048", "2048\2048.csproj", "{8D027F72-2E10-4C58-9CB3-79CB580B2E01}"
EndProject
Global
	GlobalSection(SolutionConfigurationPlatforms) = preSolution
		Debug|Any CPU = Debug|Any CPU
		Release|Any CPU = Release|Any CPU
	EndGlobalSection
	GlobalSection(ProjectConfigurationPlatforms) = postSolution
		{8D027F72-2E10-4C58-9CB3-79CB580B2E01}.Debug|Any CPU.ActiveCfg = Debug|Any CPU
		{8D027F72-2E10-4C58-9CB3-79CB580B2E01}.Debug|Any CPU.Build.0 = Debug|Any CPU
		{8D027F72-2E10-4C58-9CB3-79CB580B2E01}.Release|Any CPU.ActiveCfg = Release|Any CPU
		{8D027F72-2E10-4C58-9CB3-79CB580B2E01}.Release|Any CPU.Build.0 = Release|Any CPU
	EndGlobalSection
	GlobalSection(SolutionProperties) = preSolution
		HideSolutionNode = FALSE
	EndGlobalSection
	GlobalSection(ExtensibilityGlobals) = postSolution
		SolutionGuid = {8690A4C4-3306-44F7-9CAA-3AC7D9AF9663}
	EndGlobalSection
EndGlobal
